
Microsoft Visual Studio Solution File, Format Version 12.00
# Visual Studio Version 16
VisualStudioVersion = 16.0.30717.126
MinimumVisualStudioVersion = 10.0.40219.1
Project("{FAE04EC0-301F-11D3-BF4B-00C04F79EFBC}") = "WpfApp1", "WpfApp1\WpfApp1.csproj", "{1E4D98BF-57C1-43DB-855F-ECA141E0DE8C}"
EndProject
Global
	GlobalSection(SolutionConfigurationPlatforms) = preSolution
		Debug|Any CPU = Debug|Any CPU
		Release|Any CPU = Release|Any CPU
	EndGlobalSection
	GlobalSection(ProjectConfigurationPlatforms) = postSolution
		{1E4D98BF-57C1-43DB-855F-ECA141E0DE8C}.Debug|Any CPU.ActiveCfg = Debug|Any CPU
		{1E4D98BF-57C1-43DB-855F-ECA141E0DE8C}.Debug|Any CPU.Build.0 = Debug|Any CPU
		{1E4D98BF-57C1-43DB-855F-ECA141E0DE8C}.Release|Any CPU.ActiveCfg = Release|Any CPU
		{1E4D98BF-57C1-43DB-855F-ECA141E0DE8C}.Release|Any CPU.Build.0 = Release|Any CPU
	EndGlobalSection
	GlobalSection(SolutionProperties) = preSolution
		HideSolutionNode = FALSE
	EndGlobalSection
	GlobalSection(ExtensibilityGlobals) = postSolution
		SolutionGuid = {7314C1DF-A761-49D1-BABC-31B86DD66B62}
	EndGlobalSection
EndGlobal
